
Microsoft Visual Studio Solution File, Format Version 12.00
# Visual Studio Version 17
VisualStudioVersion = 17.9.34701.34
MinimumVisualStudioVersion = 10.0.40219.1
Project("{FAE04EC0-301F-11D3-BF4B-00C04F79EFBC}") = "Demo3", "Demo3.csproj", "{C6E162BA-4BA1-4E9B-9E50-3F4F4721089E}"
EndProject
Global
	GlobalSection(SolutionConfigurationPlatforms) = preSolution
		Debug|Any CPU = Debug|Any CPU
		Release|Any CPU = Release|Any CPU
	EndGlobalSection
	GlobalSection(ProjectConfigurationPlatforms) = postSolution
		{C6E162BA-4BA1-4E9B-9E50-3F4F4721089E}.Debug|Any CPU.ActiveCfg = Debug|Any CPU
		{C6E162BA-4BA1-4E9B-9E50-3F4F4721089E}.Debug|Any CPU.Build.0 = Debug|Any CPU
		{C6E162BA-4BA1-4E9B-9E50-3F4F4721089E}.Release|Any CPU.ActiveCfg = Release|Any CPU
		{C6E162BA-4BA1-4E9B-9E50-3F4F4721089E}.Release|Any CPU.Build.0 = Release|Any CPU
	EndGlobalSection
	GlobalSection(SolutionProperties) = preSolution
		HideSolutionNode = FALSE
	EndGlobalSection
	GlobalSection(ExtensibilityGlobals) = postSolution
		SolutionGuid = {A4253809-EA3D-4CA3-82AB-F8A5D3283E11}
	EndGlobalSection
EndGlobal
